
Microsoft Visual Studio Solution File, Format Version 12.00
Project("{FAE04EC0-301F-11D3-BF4B-00C04F79EFBC}") = "ASP.NET_Core_Store", "ASP.NET_Core_Store.csproj", "{9A002712-DF57-49B8-BB86-113365FBDB74}"
EndProject
Project("{FAE04EC0-301F-11D3-BF4B-00C04F79EFBC}") = "StoreLib", "StoreLib\StoreLib.csproj", "{68B6C6C4-0452-4DDF-9F1E-83C0E808D5B0}"
EndProject
Project("{FAE04EC0-301F-11D3-BF4B-00C04F79EFBC}") = "DataModel", "DataModel\DataModel.csproj", "{3C82D1D4-8C38-4D5C-B0E4-6F140B7B93C3}"
EndProject
Global
	GlobalSection(SolutionConfigurationPlatforms) = preSolution
		Debug|Any CPU = Debug|Any CPU
		Release|Any CPU = Release|Any CPU
	EndGlobalSection
	GlobalSection(ProjectConfigurationPlatforms) = postSolution
		{9A002712-DF57-49B8-BB86-113365FBDB74}.Debug|Any CPU.ActiveCfg = Debug|Any CPU
		{9A002712-DF57-49B8-BB86-113365FBDB74}.Debug|Any CPU.Build.0 = Debug|Any CPU
		{9A002712-DF57-49B8-BB86-113365FBDB74}.Release|Any CPU.ActiveCfg = Release|Any CPU
		{9A002712-DF57-49B8-BB86-113365FBDB74}.Release|Any CPU.Build.0 = Release|Any CPU
		{68B6C6C4-0452-4DDF-9F1E-83C0E808D5B0}.Debug|Any CPU.ActiveCfg = Debug|Any CPU
		{68B6C6C4-0452-4DDF-9F1E-83C0E808D5B0}.Debug|Any CPU.Build.0 = Debug|Any CPU
		{68B6C6C4-0452-4DDF-9F1E-83C0E808D5B0}.Release|Any CPU.ActiveCfg = Release|Any CPU
		{68B6C6C4-0452-4DDF-9F1E-83C0E808D5B0}.Release|Any CPU.Build.0 = Release|Any CPU
		{3C82D1D4-8C38-4D5C-B0E4-6F140B7B93C3}.Debug|Any CPU.ActiveCfg = Debug|Any CPU
		{3C82D1D4-8C38-4D5C-B0E4-6F140B7B93C3}.Debug|Any CPU.Build.0 = Debug|Any CPU
		{3C82D1D4-8C38-4D5C-B0E4-6F140B7B93C3}.Release|Any CPU.ActiveCfg = Release|Any CPU
		{3C82D1D4-8C38-4D5C-B0E4-6F140B7B93C3}.Release|Any CPU.Build.0 = Release|Any CPU
	EndGlobalSection
EndGlobal
